
Microsoft Visual Studio Solution File, Format Version 12.00
# Visual Studio 15
Project("{FAE04EC0-301F-11D3-BF4B-00C04F79EFBC}") = "Assembly-CSharp", "Assembly-CSharp.csproj", "{8AA1FD69-8594-466C-880A-FCD41D37246F}"
EndProject
Project("{FAE04EC0-301F-11D3-BF4B-00C04F79EFBC}") = "NavMeshComponents", "NavMeshComponents.csproj", "{6BCDB138-52A8-69F8-4F21-BE79D715630E}"
EndProject
Project("{FAE04EC0-301F-11D3-BF4B-00C04F79EFBC}") = "NavMeshComponentsEditor", "NavMeshComponentsEditor.csproj", "{1CFF4EC4-A238-F455-B50A-FEE37CE3B8BD}"
EndProject
Global
	GlobalSection(SolutionConfigurationPlatforms) = preSolution
		Debug|Any CPU = Debug|Any CPU
		Release|Any CPU = Release|Any CPU
	EndGlobalSection
	GlobalSection(ProjectConfigurationPlatforms) = postSolution
		{8AA1FD69-8594-466C-880A-FCD41D37246F}.Debug|Any CPU.ActiveCfg = Debug|Any CPU
		{8AA1FD69-8594-466C-880A-FCD41D37246F}.Debug|Any CPU.Build.0 = Debug|Any CPU
		{8AA1FD69-8594-466C-880A-FCD41D37246F}.Release|Any CPU.ActiveCfg = Release|Any CPU
		{8AA1FD69-8594-466C-880A-FCD41D37246F}.Release|Any CPU.Build.0 = Release|Any CPU
		{6BCDB138-52A8-69F8-4F21-BE79D715630E}.Debug|Any CPU.ActiveCfg = Debug|Any CPU
		{6BCDB138-52A8-69F8-4F21-BE79D715630E}.Debug|Any CPU.Build.0 = Debug|Any CPU
		{6BCDB138-52A8-69F8-4F21-BE79D715630E}.Release|Any CPU.ActiveCfg = Release|Any CPU
		{6BCDB138-52A8-69F8-4F21-BE79D715630E}.Release|Any CPU.Build.0 = Release|Any CPU
		{1CFF4EC4-A238-F455-B50A-FEE37CE3B8BD}.Debug|Any CPU.ActiveCfg = Debug|Any CPU
		{1CFF4EC4-A238-F455-B50A-FEE37CE3B8BD}.Debug|Any CPU.Build.0 = Debug|Any CPU
		{1CFF4EC4-A238-F455-B50A-FEE37CE3B8BD}.Release|Any CPU.ActiveCfg = Release|Any CPU
		{1CFF4EC4-A238-F455-B50A-FEE37CE3B8BD}.Release|Any CPU.Build.0 = Release|Any CPU
	EndGlobalSection
	GlobalSection(SolutionProperties) = preSolution
		HideSolutionNode = FALSE
	EndGlobalSection
EndGlobal
